
Microsoft Visual Studio Solution File, Format Version 12.00
# Visual Studio 15
VisualStudioVersion = 15.0.28307.271
MinimumVisualStudioVersion = 10.0.40219.1
Project("{FAE04EC0-301F-11D3-BF4B-00C04F79EFBC}") = "GitDemo2", "GitDemo2\GitDemo2.csproj", "{806E95D2-9499-40A0-A97B-419C8982AB13}"
EndProject
Global
	GlobalSection(SolutionConfigurationPlatforms) = preSolution
		Debug|Any CPU = Debug|Any CPU
		Release|Any CPU = Release|Any CPU
	EndGlobalSection
	GlobalSection(ProjectConfigurationPlatforms) = postSolution
		{806E95D2-9499-40A0-A97B-419C8982AB13}.Debug|Any CPU.ActiveCfg = Debug|Any CPU
		{806E95D2-9499-40A0-A97B-419C8982AB13}.Debug|Any CPU.Build.0 = Debug|Any CPU
		{806E95D2-9499-40A0-A97B-419C8982AB13}.Release|Any CPU.ActiveCfg = Release|Any CPU
		{806E95D2-9499-40A0-A97B-419C8982AB13}.Release|Any CPU.Build.0 = Release|Any CPU
	EndGlobalSection
	GlobalSection(SolutionProperties) = preSolution
		HideSolutionNode = FALSE
	EndGlobalSection
	GlobalSection(ExtensibilityGlobals) = postSolution
		SolutionGuid = {A18BA8E2-7CEF-4065-9F7D-0F8920E90A67}
	EndGlobalSection
EndGlobal
